
Microsoft Visual Studio Solution File, Format Version 12.00
# Visual Studio 2012
Project("{FAE04EC0-301F-11D3-BF4B-00C04F79EFBC}") = "AnimatedTabs", "AnimatedTabs\AnimatedTabs.csproj", "{6FCD0C53-FBFC-4795-ABFD-840D8D5BC3D6}"
EndProject
Global
	GlobalSection(SolutionConfigurationPlatforms) = preSolution
		Debug|iPhoneSimulator = Debug|iPhoneSimulator
		Release|iPhone = Release|iPhone
		Release|iPhoneSimulator = Release|iPhoneSimulator
		Debug|iPhone = Debug|iPhone
	EndGlobalSection
	GlobalSection(ProjectConfigurationPlatforms) = postSolution
		{6FCD0C53-FBFC-4795-ABFD-840D8D5BC3D6}.Debug|iPhoneSimulator.ActiveCfg = Debug|iPhoneSimulator
		{6FCD0C53-FBFC-4795-ABFD-840D8D5BC3D6}.Debug|iPhoneSimulator.Build.0 = Debug|iPhoneSimulator
		{6FCD0C53-FBFC-4795-ABFD-840D8D5BC3D6}.Release|iPhone.ActiveCfg = Release|iPhone
		{6FCD0C53-FBFC-4795-ABFD-840D8D5BC3D6}.Release|iPhone.Build.0 = Release|iPhone
		{6FCD0C53-FBFC-4795-ABFD-840D8D5BC3D6}.Release|iPhoneSimulator.ActiveCfg = Release|iPhoneSimulator
		{6FCD0C53-FBFC-4795-ABFD-840D8D5BC3D6}.Release|iPhoneSimulator.Build.0 = Release|iPhoneSimulator
		{6FCD0C53-FBFC-4795-ABFD-840D8D5BC3D6}.Debug|iPhone.ActiveCfg = Debug|iPhone
		{6FCD0C53-FBFC-4795-ABFD-840D8D5BC3D6}.Debug|iPhone.Build.0 = Debug|iPhone
	EndGlobalSection
EndGlobal
